
Microsoft Visual Studio Solution File, Format Version 12.00
# Visual Studio 15
VisualStudioVersion = 15.0.27428.2002
MinimumVisualStudioVersion = 10.0.40219.1
Project("{FAE04EC0-301F-11D3-BF4B-00C04F79EFBC}") = "ITCWinForm", "ITCWinForm\ITCWinForm.csproj", "{D3C134D7-F4B8-4B2B-8F44-751D7755A282}"
EndProject
Project("{FAE04EC0-301F-11D3-BF4B-00C04F79EFBC}") = "ITCLibrary", "ITCLibrary\ITCLibrary.csproj", "{EDCBC1D2-13B7-4377-A67C-D53CBB60FEA0}"
EndProject
Project("{FAE04EC0-301F-11D3-BF4B-00C04F79EFBC}") = "ITCConsole", "ITCConsole\ITCConsole.csproj", "{D0682D9B-51B0-4ADF-8FF9-80F4764791E3}"
EndProject
Global
	GlobalSection(SolutionConfigurationPlatforms) = preSolution
		Debug|Any CPU = Debug|Any CPU
		Release|Any CPU = Release|Any CPU
	EndGlobalSection
	GlobalSection(ProjectConfigurationPlatforms) = postSolution
		{D3C134D7-F4B8-4B2B-8F44-751D7755A282}.Debug|Any CPU.ActiveCfg = Debug|Any CPU
		{D3C134D7-F4B8-4B2B-8F44-751D7755A282}.Debug|Any CPU.Build.0 = Debug|Any CPU
		{D3C134D7-F4B8-4B2B-8F44-751D7755A282}.Release|Any CPU.ActiveCfg = Release|Any CPU
		{D3C134D7-F4B8-4B2B-8F44-751D7755A282}.Release|Any CPU.Build.0 = Release|Any CPU
		{EDCBC1D2-13B7-4377-A67C-D53CBB60FEA0}.Debug|Any CPU.ActiveCfg = Debug|Any CPU
		{EDCBC1D2-13B7-4377-A67C-D53CBB60FEA0}.Debug|Any CPU.Build.0 = Debug|Any CPU
		{EDCBC1D2-13B7-4377-A67C-D53CBB60FEA0}.Release|Any CPU.ActiveCfg = Release|Any CPU
		{EDCBC1D2-13B7-4377-A67C-D53CBB60FEA0}.Release|Any CPU.Build.0 = Release|Any CPU
		{D0682D9B-51B0-4ADF-8FF9-80F4764791E3}.Debug|Any CPU.ActiveCfg = Debug|Any CPU
		{D0682D9B-51B0-4ADF-8FF9-80F4764791E3}.Debug|Any CPU.Build.0 = Debug|Any CPU
		{D0682D9B-51B0-4ADF-8FF9-80F4764791E3}.Release|Any CPU.ActiveCfg = Release|Any CPU
		{D0682D9B-51B0-4ADF-8FF9-80F4764791E3}.Release|Any CPU.Build.0 = Release|Any CPU
	EndGlobalSection
	GlobalSection(SolutionProperties) = preSolution
		HideSolutionNode = FALSE
	EndGlobalSection
	GlobalSection(ExtensibilityGlobals) = postSolution
		SolutionGuid = {6E23FF58-A43C-41CE-B515-4C1D048A569F}
	EndGlobalSection
EndGlobal
